PODS:
  - PodcastAPI (1.1.6):
    - SwiftyJSON (~> 4.0)
  - SwiftyJSON (4.3.0)

DEPENDENCIES:
  - PodcastAPI (from `../..`)

SPEC REPOS:
  trunk:
    - SwiftyJSON

EXTERNAL SOURCES:
  PodcastAPI:
    :path: "../.."

SPEC CHECKSUMS:
  PodcastAPI: 1fa733a3fd51c00d5420ddf628fe08906df8bec7
  SwiftyJSON: 6faa0040f8b59dead0ee07436cbf76b73c08fd08

PODFILE CHECKSUM: eeb607ec6f433ddf0db62f185477fead91d50e27

COCOAPODS: 1.11.3
